
Microsoft Visual Studio Solution File, Format Version 12.00
Project("{FAE04EC0-301F-11D3-BF4B-00C04F79EFBC}") = "Algorithms.Main", "Algorithms.Main\Algorithms.Main.csproj", "{ED1D71F3-976E-428B-9C7F-4BF33EF56810}"
EndProject
Project("{FAE04EC0-301F-11D3-BF4B-00C04F79EFBC}") = "Algorithms.Test", "Algorithms.Test\Algorithms.Test.csproj", "{A7261D66-3E0D-4690-A264-417F9FBFC2F5}"
EndProject
Project("{FAE04EC0-301F-11D3-BF4B-00C04F79EFBC}") = "Algorithms.Core", "Algorithms.Core\Algorithms.Core.csproj", "{0A9CB82F-E717-4045-B762-F31320D8B0E7}"
EndProject
Global
	GlobalSection(SolutionConfigurationPlatforms) = preSolution
		Debug|Any CPU = Debug|Any CPU
		Release|Any CPU = Release|Any CPU
	EndGlobalSection
	GlobalSection(ProjectConfigurationPlatforms) = postSolution
		{ED1D71F3-976E-428B-9C7F-4BF33EF56810}.Debug|Any CPU.ActiveCfg = Debug|Any CPU
		{ED1D71F3-976E-428B-9C7F-4BF33EF56810}.Debug|Any CPU.Build.0 = Debug|Any CPU
		{ED1D71F3-976E-428B-9C7F-4BF33EF56810}.Release|Any CPU.ActiveCfg = Release|Any CPU
		{ED1D71F3-976E-428B-9C7F-4BF33EF56810}.Release|Any CPU.Build.0 = Release|Any CPU
		{A7261D66-3E0D-4690-A264-417F9FBFC2F5}.Debug|Any CPU.ActiveCfg = Debug|Any CPU
		{A7261D66-3E0D-4690-A264-417F9FBFC2F5}.Debug|Any CPU.Build.0 = Debug|Any CPU
		{A7261D66-3E0D-4690-A264-417F9FBFC2F5}.Release|Any CPU.ActiveCfg = Release|Any CPU
		{A7261D66-3E0D-4690-A264-417F9FBFC2F5}.Release|Any CPU.Build.0 = Release|Any CPU
		{0A9CB82F-E717-4045-B762-F31320D8B0E7}.Debug|Any CPU.ActiveCfg = Debug|Any CPU
		{0A9CB82F-E717-4045-B762-F31320D8B0E7}.Debug|Any CPU.Build.0 = Debug|Any CPU
		{0A9CB82F-E717-4045-B762-F31320D8B0E7}.Release|Any CPU.ActiveCfg = Release|Any CPU
		{0A9CB82F-E717-4045-B762-F31320D8B0E7}.Release|Any CPU.Build.0 = Release|Any CPU
	EndGlobalSection
EndGlobal
